
Microsoft Visual Studio Solution File, Format Version 12.00
# Visual Studio Version 16
VisualStudioVersion = 16.0.29306.81
MinimumVisualStudioVersion = 10.0.40219.1
Project("{FAE04EC0-301F-11D3-BF4B-00C04F79EFBC}") = "BuildInvertedIndex LINQ", "BuildInvertedIndex LINQ.csproj", "{6886A15A-3668-47A1-AA53-B46238C349C2}"
EndProject
Global
	GlobalSection(SolutionConfigurationPlatforms) = preSolution
		Debug|Any CPU = Debug|Any CPU
		Release|Any CPU = Release|Any CPU
	EndGlobalSection
	GlobalSection(ProjectConfigurationPlatforms) = postSolution
		{6886A15A-3668-47A1-AA53-B46238C349C2}.Debug|Any CPU.ActiveCfg = Debug|Any CPU
		{6886A15A-3668-47A1-AA53-B46238C349C2}.Debug|Any CPU.Build.0 = Debug|Any CPU
		{6886A15A-3668-47A1-AA53-B46238C349C2}.Release|Any CPU.ActiveCfg = Release|Any CPU
		{6886A15A-3668-47A1-AA53-B46238C349C2}.Release|Any CPU.Build.0 = Release|Any CPU
	EndGlobalSection
	GlobalSection(SolutionProperties) = preSolution
		HideSolutionNode = FALSE
	EndGlobalSection
	GlobalSection(ExtensibilityGlobals) = postSolution
		SolutionGuid = {2DCD769E-09C6-4033-B653-AFE065CCC969}
	EndGlobalSection
EndGlobal
